// !$*UTF8*$!
{
	archiveVersion = 1;
	classes = {
	};
	objectVersion = 77;
	objects = {

/* Begin PBXBuildFile section */
		A85D1D1F2E67CC2800DCB32F /* Config.plist in Resources */ = {isa = PBXBuildFile; fileRef = A85D1D1C2E67C5DA00DCB32F /* Config.plist */; };
		A85D1D322E67D02700DCB32F /* Auth in Frameworks */ = {isa = PBXBuildFile; productRef = A85D1D312E67D02700DCB32F /* Auth */; };
		A85D1D342E67D02700DCB32F /* Functions in Frameworks */ = {isa = PBXBuildFile; productRef = A85D1D332E67D02700DCB32F /* Functions */; };
		A85D1D362E67D02700DCB32F /* PostgREST in Frameworks */ = {isa = PBXBuildFile; productRef = A85D1D352E67D02700DCB32F /* PostgREST */; };
		A85D1D382E67D02700DCB32F /* Realtime in Frameworks */ = {isa = PBXBuildFile; productRef = A85D1D372E67D02700DCB32F /* Realtime */; };
		A85D1D3A2E67D02700DCB32F /* Storage in Frameworks */ = {isa = PBXBuildFile; productRef = A85D1D392E67D02700DCB32F /* Storage */; };
		A85D1D3C2E67D02700DCB32F /* Supabase in Frameworks */ = {isa = PBXBuildFile; productRef = A85D1D3B2E67D02700DCB32F /* Supabase */; };
		A86DFF772E69182F009830A3 /* SupabaseService.swift in Sources */ = {isa = PBXBuildFile; fileRef = A86DFF762E69182B009830A3 /* SupabaseService.swift */; };
		A8B31FA82E594E6A00A539DC /* ChatMessage.swift in Sources */ = {isa = PBXBuildFile; fileRef = A8B31F912E593AE400A539DC /* ChatMessage.swift */; };
		A8B31FA92E594E9600A539DC /* ThemeManager.swift in Sources */ = {isa = PBXBuildFile; fileRef = A8B31F982E593B4100A539DC /* ThemeManager.swift */; };
		A8B31FAA2E594E9600A539DC /* APIKeyManager.swift in Sources */ = {isa = PBXBuildFile; fileRef = A8B31F972E593B2E00A539DC /* APIKeyManager.swift */; };
		A8B31FAB2E594E9600A539DC /* OpenAIService.swift in Sources */ = {isa = PBXBuildFile; fileRef = A8B31F952E593B1D00A539DC /* OpenAIService.swift */; };
		A8B31FAC2E594E9600A539DC /* ChatViewModel.swift in Sources */ = {isa = PBXBuildFile; fileRef = A8B31FA62E594D2600A539DC /* ChatViewModel.swift */; };
		A8B31FAD2E594E9600A539DC /* OpenAIResponse.swift in Sources */ = {isa = PBXBuildFile; fileRef = A8B31F932E593B0000A539DC /* OpenAIResponse.swift */; };
		A8B31FAE2E594E9600A539DC /* OpenAIRequest.swift in Sources */ = {isa = PBXBuildFile; fileRef = A8B31F922E593AF300A539DC /* OpenAIRequest.swift */; };
		A8B31FAF2E594E9600A539DC /* ResponseView.swift in Sources */ = {isa = PBXBuildFile; fileRef = A8B31F8F2E593A9200A539DC /* ResponseView.swift */; };
		A8B31FB02E594E9600A539DC /* ContentView.swift in Sources */ = {isa = PBXBuildFile; fileRef = A8B31F8E2E593A8200A539DC /* ContentView.swift */; };
/* End PBXBuildFile section */

/* Begin PBXContainerItemProxy section */
		A8B31F712E5939BD00A539DC /* PBXContainerItemProxy */ = {
			isa = PBXContainerItemProxy;
			containerPortal = A8B31F5B2E5939BC00A539DC /* Project object */;
			proxyType = 1;
			remoteGlobalIDString = A8B31F622E5939BC00A539DC;
			remoteInfo = Mepp;
		};
		A8B31F7B2E5939BD00A539DC /* PBXContainerItemProxy */ = {
			isa = PBXContainerItemProxy;
			containerPortal = A8B31F5B2E5939BC00A539DC /* Project object */;
			proxyType = 1;
			remoteGlobalIDString = A8B31F622E5939BC00A539DC;
			remoteInfo = Mepp;
		};
/* End PBXContainerItemProxy section */

/* Begin PBXFileReference section */
		A85D1D1C2E67C5DA00DCB32F /* Config.plist */ = {isa = PBXFileReference; lastKnownFileType = text.plist.xml; path = Config.plist; sourceTree = "<group>"; };
		A85D1D1D2E67CA2500DCB32F /* Mepp-Info.plist */ = {isa = PBXFileReference; lastKnownFileType = text.plist; path = "Mepp-Info.plist"; sourceTree = "<group>"; };
		A86DFF762E69182B009830A3 /* SupabaseService.swift */ = {isa = PBXFileReference; lastKnownFileType = sourcecode.swift; path = SupabaseService.swift; sourceTree = "<group>"; };
		A8B31F632E5939BC00A539DC /* Mepp.app */ = {isa = PBXFileReference; explicitFileType = wrapper.application; includeInIndex = 0; path = Mepp.app; sourceTree = BUILT_PRODUCTS_DIR; };
		A8B31F702E5939BD00A539DC /* MeppTests.xctest */ = {isa = PBXFileReference; explicitFileType = wrapper.cfbundle; includeInIndex = 0; path = MeppTests.xctest; sourceTree = BUILT_PRODUCTS_DIR; };
		A8B31F7A2E5939BD00A539DC /* MeppUITests.xctest */ = {isa = PBXFileReference; explicitFileType = wrapper.cfbundle; includeInIndex = 0; path = MeppUITests.xctest; sourceTree = BUILT_PRODUCTS_DIR; };
		A8B31F8E2E593A8200A539DC /* ContentView.swift */ = {isa = PBXFileReference; lastKnownFileType = sourcecode.swift; path = ContentView.swift; sourceTree = "<group>"; };
		A8B31F8F2E593A9200A539DC /* ResponseView.swift */ = {isa = PBXFileReference; lastKnownFileType = sourcecode.swift; path = ResponseView.swift; sourceTree = "<group>"; };
		A8B31F912E593AE400A539DC /* ChatMessage.swift */ = {isa = PBXFileReference; lastKnownFileType = sourcecode.swift; path = ChatMessage.swift; sourceTree = "<group>"; };
		A8B31F922E593AF300A539DC /* OpenAIRequest.swift */ = {isa = PBXFileReference; lastKnownFileType = sourcecode.swift; path = OpenAIRequest.swift; sourceTree = "<group>"; };
		A8B31F932E593B0000A539DC /* OpenAIResponse.swift */ = {isa = PBXFileReference; lastKnownFileType = sourcecode.swift; path = OpenAIResponse.swift; sourceTree = "<group>"; };
		A8B31F952E593B1D00A539DC /* OpenAIService.swift */ = {isa = PBXFileReference; lastKnownFileType = sourcecode.swift; path = OpenAIService.swift; sourceTree = "<group>"; };
		A8B31F972E593B2E00A539DC /* APIKeyManager.swift */ = {isa = PBXFileReference; lastKnownFileType = sourcecode.swift; path = APIKeyManager.swift; sourceTree = "<group>"; };
		A8B31F982E593B4100A539DC /* ThemeManager.swift */ = {isa = PBXFileReference; lastKnownFileType = sourcecode.swift; path = ThemeManager.swift; sourceTree = "<group>"; };
		A8B31F9D2E59408A00A539DC /* Info.plist */ = {isa = PBXFileReference; lastKnownFileType = text.plist.xml; path = Info.plist; sourceTree = "<group>"; };
		A8B31FA62E594D2600A539DC /* ChatViewModel.swift */ = {isa = PBXFileReference; lastKnownFileType = sourcecode.swift; path = ChatViewModel.swift; sourceTree = "<group>"; };
/* End PBXFileReference section */

/* Begin PBXFileSystemSynchronizedRootGroup section */
		A8B31F652E5939BC00A539DC /* MeppApp */ = {
			isa = PBXFileSystemSynchronizedRootGroup;
			path = MeppApp;
			sourceTree = "<group>";
		};
/* End PBXFileSystemSynchronizedRootGroup section */

/* Begin PBXFrameworksBuildPhase section */
		A8B31F602E5939BC00A539DC /* Frameworks */ = {
			isa = PBXFrameworksBuildPhase;
			buildActionMask = 2147483647;
			files = (
				A85D1D362E67D02700DCB32F /* PostgREST in Frameworks */,
				A85D1D342E67D02700DCB32F /* Functions in Frameworks */,
				A85D1D3C2E67D02700DCB32F /* Supabase in Frameworks */,
				A85D1D322E67D02700DCB32F /* Auth in Frameworks */,
				A85D1D3A2E67D02700DCB32F /* Storage in Frameworks */,
				A85D1D382E67D02700DCB32F /* Realtime in Frameworks */,
			);
			runOnlyForDeploymentPostprocessing = 0;
		};
		A8B31F6D2E5939BD00A539DC /* Frameworks */ = {
			isa = PBXFrameworksBuildPhase;
			buildActionMask = 2147483647;
			files = (
			);
			runOnlyForDeploymentPostprocessing = 0;
		};
		A8B31F772E5939BD00A539DC /* Frameworks */ = {
			isa = PBXFrameworksBuildPhase;
			buildActionMask = 2147483647;
			files = (
			);
			runOnlyForDeploymentPostprocessing = 0;
		};
/* End PBXFrameworksBuildPhase section */

/* Begin PBXGroup section */
		A85D1D242E67D00E00DCB32F /* Frameworks */ = {
			isa = PBXGroup;
			children = (
			);
			name = Frameworks;
			sourceTree = "<group>";
		};
		A8B31F5A2E5939BC00A539DC = {
			isa = PBXGroup;
			children = (
				A85D1D1D2E67CA2500DCB32F /* Mepp-Info.plist */,
				A8B31F992E593B5500A539DC /* Configuration */,
				A8B31F962E593B2900A539DC /* Utilities */,
				A8B31F942E593B0F00A539DC /* Services */,
				A8B31F902E593AD400A539DC /* Models */,
				A8B31F8D2E593A4700A539DC /* Views */,
				A8B31F652E5939BC00A539DC /* MeppApp */,
				A85D1D242E67D00E00DCB32F /* Frameworks */,
				A8B31F642E5939BC00A539DC /* Products */,
			);
			sourceTree = "<group>";
		};
		A8B31F642E5939BC00A539DC /* Products */ = {
			isa = PBXGroup;
			children = (
				A8B31F632E5939BC00A539DC /* Mepp.app */,
				A8B31F702E5939BD00A539DC /* MeppTests.xctest */,
				A8B31F7A2E5939BD00A539DC /* MeppUITests.xctest */,
			);
			name = Products;
			sourceTree = "<group>";
		};
		A8B31F8D2E593A4700A539DC /* Views */ = {
			isa = PBXGroup;
			children = (
				A8B31F8F2E593A9200A539DC /* ResponseView.swift */,
				A8B31F8E2E593A8200A539DC /* ContentView.swift */,
			);
			path = Views;
			sourceTree = "<group>";
		};
		A8B31F902E593AD400A539DC /* Models */ = {
			isa = PBXGroup;
			children = (
				A8B31FA62E594D2600A539DC /* ChatViewModel.swift */,
				A8B31F932E593B0000A539DC /* OpenAIResponse.swift */,
				A8B31F922E593AF300A539DC /* OpenAIRequest.swift */,
				A8B31F912E593AE400A539DC /* ChatMessage.swift */,
			);
			path = Models;
			sourceTree = "<group>";
		};
		A8B31F942E593B0F00A539DC /* Services */ = {
			isa = PBXGroup;
			children = (
				A86DFF762E69182B009830A3 /* SupabaseService.swift */,
				A8B31F952E593B1D00A539DC /* OpenAIService.swift */,
			);
			path = Services;
			sourceTree = "<group>";
		};
		A8B31F962E593B2900A539DC /* Utilities */ = {
			isa = PBXGroup;
			children = (
				A8B31F982E593B4100A539DC /* ThemeManager.swift */,
				A8B31F972E593B2E00A539DC /* APIKeyManager.swift */,
			);
			path = Utilities;
			sourceTree = "<group>";
		};
		A8B31F992E593B5500A539DC /* Configuration */ = {
			isa = PBXGroup;
			children = (
				A85D1D1C2E67C5DA00DCB32F /* Config.plist */,
				A8B31F9D2E59408A00A539DC /* Info.plist */,
			);
			path = Configuration;
			sourceTree = "<group>";
		};
/* End PBXGroup section */

/* Begin PBXNativeTarget section */
		A8B31F622E5939BC00A539DC /* Mepp */ = {
			isa = PBXNativeTarget;
			buildConfigurationList = A8B31F842E5939BD00A539DC /* Build configuration list for PBXNativeTarget "Mepp" */;
			buildPhases = (
				A8B31F5F2E5939BC00A539DC /* Sources */,
				A8B31F602E5939BC00A539DC /* Frameworks */,
				A8B31F612E5939BC00A539DC /* Resources */,
			);
			buildRules = (
			);
			dependencies = (
			);
			fileSystemSynchronizedGroups = (
				A8B31F652E5939BC00A539DC /* MeppApp */,
			);
			name = Mepp;
			packageProductDependencies = (
				A85D1D312E67D02700DCB32F /* Auth */,
				A85D1D332E67D02700DCB32F /* Functions */,
				A85D1D352E67D02700DCB32F /* PostgREST */,
				A85D1D372E67D02700DCB32F /* Realtime */,
				A85D1D392E67D02700DCB32F /* Storage */,
				A85D1D3B2E67D02700DCB32F /* Supabase */,
			);
			productName = Mepp;
			productReference = A8B31F632E5939BC00A539DC /* Mepp.app */;
			productType = "com.apple.product-type.application";
		};
		A8B31F6F2E5939BD00A539DC /* MeppTests */ = {
			isa = PBXNativeTarget;
			buildConfigurationList = A8B31F872E5939BD00A539DC /* Build configuration list for PBXNativeTarget "MeppTests" */;
			buildPhases = (
				A8B31F6C2E5939BD00A539DC /* Sources */,
				A8B31F6D2E5939BD00A539DC /* Frameworks */,
				A8B31F6E2E5939BD00A539DC /* Resources */,
			);
			buildRules = (
			);
			dependencies = (
				A8B31F722E5939BD00A539DC /* PBXTargetDependency */,
			);
			name = MeppTests;
			packageProductDependencies = (
			);
			productName = MeppTests;
			productReference = A8B31F702E5939BD00A539DC /* MeppTests.xctest */;
			productType = "com.apple.product-type.bundle.unit-test";
		};
		A8B31F792E5939BD00A539DC /* MeppUITests */ = {
			isa = PBXNativeTarget;
			buildConfigurationList = A8B31F8A2E5939BD00A539DC /* Build configuration list for PBXNativeTarget "MeppUITests" */;
			buildPhases = (
				A8B31F762E5939BD00A539DC /* Sources */,
				A8B31F772E5939BD00A539DC /* Frameworks */,
				A8B31F782E5939BD00A539DC /* Resources */,
			);
			buildRules = (
			);
			dependencies = (
				A8B31F7C2E5939BD00A539DC /* PBXTargetDependency */,
			);
			name = MeppUITests;
			packageProductDependencies = (
			);
			productName = MeppUITests;
			productReference = A8B31F7A2E5939BD00A539DC /* MeppUITests.xctest */;
			productType = "com.apple.product-type.bundle.ui-testing";
		};
/* End PBXNativeTarget section */

/* Begin PBXProject section */
		A8B31F5B2E5939BC00A539DC /* Project object */ = {
			isa = PBXProject;
			attributes = {
				BuildIndependentTargetsInParallel = 1;
				LastSwiftUpdateCheck = 1640;
				LastUpgradeCheck = 1640;
				TargetAttributes = {
					A8B31F622E5939BC00A539DC = {
						CreatedOnToolsVersion = 16.4;
					};
					A8B31F6F2E5939BD00A539DC = {
						CreatedOnToolsVersion = 16.4;
						TestTargetID = A8B31F622E5939BC00A539DC;
					};
					A8B31F792E5939BD00A539DC = {
						CreatedOnToolsVersion = 16.4;
						TestTargetID = A8B31F622E5939BC00A539DC;
					};
				};
			};
			buildConfigurationList = A8B31F5E2E5939BC00A539DC /* Build configuration list for PBXProject "Mepp" */;
			developmentRegion = en;
			hasScannedForEncodings = 0;
			knownRegions = (
				en,
				Base,
			);
			mainGroup = A8B31F5A2E5939BC00A539DC;
			minimizedProjectReferenceProxies = 1;
			packageReferences = (
				A85D1D232E67CF0A00DCB32F /* XCRemoteSwiftPackageReference "supabase-swift" */,
			);
			preferredProjectObjectVersion = 77;
			productRefGroup = A8B31F642E5939BC00A539DC /* Products */;
			projectDirPath = "";
			projectRoot = "";
			targets = (
				A8B31F622E5939BC00A539DC /* Mepp */,
				A8B31F6F2E5939BD00A539DC /* MeppTests */,
				A8B31F792E5939BD00A539DC /* MeppUITests */,
			);
		};
/* End PBXProject section */

/* Begin PBXResourcesBuildPhase section */
		A8B31F612E5939BC00A539DC /* Resources */ = {
			isa = PBXResourcesBuildPhase;
			buildActionMask = 2147483647;
			files = (
				A85D1D1F2E67CC2800DCB32F /* Config.plist in Resources */,
			);
			runOnlyForDeploymentPostprocessing = 0;
		};
		A8B31F6E2E5939BD00A539DC /* Resources */ = {
			isa = PBXResourcesBuildPhase;
			buildActionMask = 2147483647;
			files = (
			);
			runOnlyForDeploymentPostprocessing = 0;
		};
		A8B31F782E5939BD00A539DC /* Resources */ = {
			isa = PBXResourcesBuildPhase;
			buildActionMask = 2147483647;
			files = (
			);
			runOnlyForDeploymentPostprocessing = 0;
		};
/* End PBXResourcesBuildPhase section */

/* Begin PBXSourcesBuildPhase section */
		A8B31F5F2E5939BC00A539DC /* Sources */ = {
			isa = PBXSourcesBuildPhase;
			buildActionMask = 2147483647;
			files = (
				A8B31FA92E594E9600A539DC /* ThemeManager.swift in Sources */,
				A8B31FAA2E594E9600A539DC /* APIKeyManager.swift in Sources */,
				A8B31FAB2E594E9600A539DC /* OpenAIService.swift in Sources */,
				A8B31FAC2E594E9600A539DC /* ChatViewModel.swift in Sources */,
				A8B31FAD2E594E9600A539DC /* OpenAIResponse.swift in Sources */,
				A86DFF772E69182F009830A3 /* SupabaseService.swift in Sources */,
				A8B31FAE2E594E9600A539DC /* OpenAIRequest.swift in Sources */,
				A8B31FAF2E594E9600A539DC /* ResponseView.swift in Sources */,
				A8B31FB02E594E9600A539DC /* ContentView.swift in Sources */,
				A8B31FA82E594E6A00A539DC /* ChatMessage.swift in Sources */,
			);
			runOnlyForDeploymentPostprocessing = 0;
		};
		A8B31F6C2E5939BD00A539DC /* Sources */ = {
			isa = PBXSourcesBuildPhase;
			buildActionMask = 2147483647;
			files = (
			);
			runOnlyForDeploymentPostprocessing = 0;
		};
		A8B31F762E5939BD00A539DC /* Sources */ = {
			isa = PBXSourcesBuildPhase;
			buildActionMask = 2147483647;
			files = (
			);
			runOnlyForDeploymentPostprocessing = 0;
		};
/* End PBXSourcesBuildPhase section */

/* Begin PBXTargetDependency section */
		A8B31F722E5939BD00A539DC /* PBXTargetDependency */ = {
			isa = PBXTargetDependency;
			target = A8B31F622E5939BC00A539DC /* Mepp */;
			targetProxy = A8B31F712E5939BD00A539DC /* PBXContainerItemProxy */;
		};
		A8B31F7C2E5939BD00A539DC /* PBXTargetDependency */ = {
			isa = PBXTargetDependency;
			target = A8B31F622E5939BC00A539DC /* Mepp */;
			targetProxy = A8B31F7B2E5939BD00A539DC /* PBXContainerItemProxy */;
		};
/* End PBXTargetDependency section */

/* Begin XCBuildConfiguration section */
		A8B31F822E5939BD00A539DC /* Debug */ = {
			isa = XCBuildConfiguration;
			buildSettings = {
				ALWAYS_SEARCH_USER_PATHS = NO;
				ASSETCATALOG_COMPILER_GENERATE_SWIFT_ASSET_SYMBOL_EXTENSIONS = YES;
				CLANG_ANALYZER_NONNULL = YES;
				CLANG_ANALYZER_NUMBER_OBJECT_CONVERSION = YES_AGGRESSIVE;
				CLANG_CXX_LANGUAGE_STANDARD = "gnu++20";
				CLANG_ENABLE_MODULES = YES;
				CLANG_ENABLE_OBJC_ARC = YES;
				CLANG_ENABLE_OBJC_WEAK = YES;
				CLANG_WARN_BLOCK_CAPTURE_AUTORELEASING = YES;
				CLANG_WARN_BOOL_CONVERSION = YES;
				CLANG_WARN_COMMA = YES;
				CLANG_WARN_CONSTANT_CONVERSION = YES;
				CLANG_WARN_DEPRECATED_OBJC_IMPLEMENTATIONS = YES;
				CLANG_WARN_DIRECT_OBJC_ISA_USAGE = YES_ERROR;
				CLANG_WARN_DOCUMENTATION_COMMENTS = YES;
				CLANG_WARN_EMPTY_BODY = YES;
				CLANG_WARN_ENUM_CONVERSION = YES;
				CLANG_WARN_INFINITE_RECURSION = YES;
				CLANG_WARN_INT_CONVERSION = YES;
				CLANG_WARN_NON_LITERAL_NULL_CONVERSION = YES;
				CLANG_WARN_OBJC_IMPLICIT_RETAIN_SELF = YES;
				CLANG_WARN_OBJC_LITERAL_CONVERSION = YES;
				CLANG_WARN_OBJC_ROOT_CLASS = YES_ERROR;
				CLANG_WARN_QUOTED_INCLUDE_IN_FRAMEWORK_HEADER = YES;
				CLANG_WARN_RANGE_LOOP_ANALYSIS = YES;
				CLANG_WARN_STRICT_PROTOTYPES = YES;
				CLANG_WARN_SUSPICIOUS_MOVE = YES;
				CLANG_WARN_UNGUARDED_AVAILABILITY = YES_AGGRESSIVE;
				CLANG_WARN_UNREACHABLE_CODE = YES;
				CLANG_WARN__DUPLICATE_METHOD_MATCH = YES;
				COPY_PHASE_STRIP = NO;
				DEBUG_INFORMATION_FORMAT = dwarf;
				ENABLE_STRICT_OBJC_MSGSEND = YES;
				ENABLE_TESTABILITY = YES;
				ENABLE_USER_SCRIPT_SANDBOXING = YES;
				GCC_C_LANGUAGE_STANDARD = gnu17;
				GCC_DYNAMIC_NO_PIC = NO;
				GCC_NO_COMMON_BLOCKS = YES;
				GCC_OPTIMIZATION_LEVEL = 0;
				GCC_PREPROCESSOR_DEFINITIONS = (
					"DEBUG=1",
					"$(inherited)",
				);
				GCC_WARN_64_TO_32_BIT_CONVERSION = YES;
				GCC_WARN_ABOUT_RETURN_TYPE = YES_ERROR;
				GCC_WARN_UNDECLARED_SELECTOR = YES;
				GCC_WARN_UNINITIALIZED_AUTOS = YES_AGGRESSIVE;
				GCC_WARN_UNUSED_FUNCTION = YES;
				GCC_WARN_UNUSED_VARIABLE = YES;
				IPHONEOS_DEPLOYMENT_TARGET = 18.5;
				LOCALIZATION_PREFERS_STRING_CATALOGS = YES;
				MTL_ENABLE_DEBUG_INFO = INCLUDE_SOURCE;
				MTL_FAST_MATH = YES;
				ONLY_ACTIVE_ARCH = YES;
				SDKROOT = iphoneos;
				SWIFT_ACTIVE_COMPILATION_CONDITIONS = "DEBUG $(inherited)";
				SWIFT_OPTIMIZATION_LEVEL = "-Onone";
			};
			name = Debug;
		};
		A8B31F832E5939BD00A539DC /* Release */ = {
			isa = XCBuildConfiguration;
			buildSettings = {
				ALWAYS_SEARCH_USER_PATHS = NO;
				ASSETCATALOG_COMPILER_GENERATE_SWIFT_ASSET_SYMBOL_EXTENSIONS = YES;
				CLANG_ANALYZER_NONNULL = YES;
				CLANG_ANALYZER_NUMBER_OBJECT_CONVERSION = YES_AGGRESSIVE;
				CLANG_CXX_LANGUAGE_STANDARD = "gnu++20";
				CLANG_ENABLE_MODULES = YES;
				CLANG_ENABLE_OBJC_ARC = YES;
				CLANG_ENABLE_OBJC_WEAK = YES;
				CLANG_WARN_BLOCK_CAPTURE_AUTORELEASING = YES;
				CLANG_WARN_BOOL_CONVERSION = YES;
				CLANG_WARN_COMMA = YES;
				CLANG_WARN_CONSTANT_CONVERSION = YES;
				CLANG_WARN_DEPRECATED_OBJC_IMPLEMENTATIONS = YES;
				CLANG_WARN_DIRECT_OBJC_ISA_USAGE = YES_ERROR;
				CLANG_WARN_DOCUMENTATION_COMMENTS = YES;
				CLANG_WARN_EMPTY_BODY = YES;
				CLANG_WARN_ENUM_CONVERSION = YES;
				CLANG_WARN_INFINITE_RECURSION = YES;
				CLANG_WARN_INT_CONVERSION = YES;
				CLANG_WARN_NON_LITERAL_NULL_CONVERSION = YES;
				CLANG_WARN_OBJC_IMPLICIT_RETAIN_SELF = YES;
				CLANG_WARN_OBJC_LITERAL_CONVERSION = YES;
				CLANG_WARN_OBJC_ROOT_CLASS = YES_ERROR;
				CLANG_WARN_QUOTED_INCLUDE_IN_FRAMEWORK_HEADER = YES;
				CLANG_WARN_RANGE_LOOP_ANALYSIS = YES;
				CLANG_WARN_STRICT_PROTOTYPES = YES;
				CLANG_WARN_SUSPICIOUS_MOVE = YES;
				CLANG_WARN_UNGUARDED_AVAILABILITY = YES_AGGRESSIVE;
				CLANG_WARN_UNREACHABLE_CODE = YES;
				CLANG_WARN__DUPLICATE_METHOD_MATCH = YES;
				COPY_PHASE_STRIP = NO;
				DEBUG_INFORMATION_FORMAT = "dwarf-with-dsym";
				ENABLE_NS_ASSERTIONS = NO;
				ENABLE_STRICT_OBJC_MSGSEND = YES;
				ENABLE_USER_SCRIPT_SANDBOXING = YES;
				GCC_C_LANGUAGE_STANDARD = gnu17;
				GCC_NO_COMMON_BLOCKS = YES;
				GCC_WARN_64_TO_32_BIT_CONVERSION = YES;
				GCC_WARN_ABOUT_RETURN_TYPE = YES_ERROR;
				GCC_WARN_UNDECLARED_SELECTOR = YES;
				GCC_WARN_UNINITIALIZED_AUTOS = YES_AGGRESSIVE;
				GCC_WARN_UNUSED_FUNCTION = YES;
				GCC_WARN_UNUSED_VARIABLE = YES;
				IPHONEOS_DEPLOYMENT_TARGET = 18.5;
				LOCALIZATION_PREFERS_STRING_CATALOGS = YES;
				MTL_ENABLE_DEBUG_INFO = NO;
				MTL_FAST_MATH = YES;
				SDKROOT = iphoneos;
				SWIFT_COMPILATION_MODE = wholemodule;
				VALIDATE_PRODUCT = YES;
			};
			name = Release;
		};
		A8B31F852E5939BD00A539DC /* Debug */ = {
			isa = XCBuildConfiguration;
			buildSettings = {
				ASSETCATALOG_COMPILER_APPICON_NAME = AppIcon;
				ASSETCATALOG_COMPILER_GLOBAL_ACCENT_COLOR_NAME = AccentColor;
				CODE_SIGN_STYLE = Automatic;
				CURRENT_PROJECT_VERSION = 1;
				DEVELOPMENT_TEAM = ZSP4QWCTQQ;
				ENABLE_PREVIEWS = YES;
				GENERATE_INFOPLIST_FILE = YES;
				INFOPLIST_FILE = "Mepp-Info.plist";
				INFOPLIST_KEY_UIApplicationSceneManifest_Generation = YES;
				INFOPLIST_KEY_UIApplicationSupportsIndirectInputEvents = YES;
				INFOPLIST_KEY_UILaunchScreen_Generation = YES;
				INFOPLIST_KEY_UISupportedInterfaceOrientations_iPad = "UIInterfaceOrientationPortrait UIInterfaceOrientationPortraitUpsideDown UIInterfaceOrientationLandscapeLeft UIInterfaceOrientationLandscapeRight";
				INFOPLIST_KEY_UISupportedInterfaceOrientations_iPhone = "UIInterfaceOrientationPortrait UIInterfaceOrientationLandscapeLeft UIInterfaceOrientationLandscapeRight";
				LD_RUNPATH_SEARCH_PATHS = (
					"$(inherited)",
					"@executable_path/Frameworks",
				);
				MARKETING_VERSION = 1.0;
				PRODUCT_BUNDLE_IDENTIFIER = delmor.Mepp;
				PRODUCT_NAME = "$(TARGET_NAME)";
				SWIFT_EMIT_LOC_STRINGS = YES;
				SWIFT_VERSION = 5.0;
				TARGETED_DEVICE_FAMILY = "1,2";
			};
			name = Debug;
		};
		A8B31F862E5939BD00A539DC /* Release */ = {
			isa = XCBuildConfiguration;
			buildSettings = {
				ASSETCATALOG_COMPILER_APPICON_NAME = AppIcon;
				ASSETCATALOG_COMPILER_GLOBAL_ACCENT_COLOR_NAME = AccentColor;
				CODE_SIGN_STYLE = Automatic;
				CURRENT_PROJECT_VERSION = 1;
				DEVELOPMENT_TEAM = "";
				ENABLE_PREVIEWS = YES;
				GENERATE_INFOPLIST_FILE = YES;
				INFOPLIST_FILE = "Mepp-Info.plist";
				INFOPLIST_KEY_UIApplicationSceneManifest_Generation = YES;
				INFOPLIST_KEY_UIApplicationSupportsIndirectInputEvents = YES;
				INFOPLIST_KEY_UILaunchScreen_Generation = YES;
				INFOPLIST_KEY_UISupportedInterfaceOrientations_iPad = "UIInterfaceOrientationPortrait UIInterfaceOrientationPortraitUpsideDown UIInterfaceOrientationLandscapeLeft UIInterfaceOrientationLandscapeRight";
				INFOPLIST_KEY_UISupportedInterfaceOrientations_iPhone = "UIInterfaceOrientationPortrait UIInterfaceOrientationLandscapeLeft UIInterfaceOrientationLandscapeRight";
				LD_RUNPATH_SEARCH_PATHS = (
					"$(inherited)",
					"@executable_path/Frameworks",
				);
				MARKETING_VERSION = 1.0;
				PRODUCT_BUNDLE_IDENTIFIER = delmor.Mepp;
				PRODUCT_NAME = "$(TARGET_NAME)";
				SWIFT_EMIT_LOC_STRINGS = YES;
				SWIFT_VERSION = 5.0;
				TARGETED_DEVICE_FAMILY = "1,2";
			};
			name = Release;
		};
		A8B31F882E5939BD00A539DC /* Debug */ = {
			isa = XCBuildConfiguration;
			buildSettings = {
				BUNDLE_LOADER = "$(TEST_HOST)";
				CODE_SIGN_STYLE = Automatic;
				CURRENT_PROJECT_VERSION = 1;
				GENERATE_INFOPLIST_FILE = YES;
				IPHONEOS_DEPLOYMENT_TARGET = 18.5;
				MARKETING_VERSION = 1.0;
				PRODUCT_BUNDLE_IDENTIFIER = delmor.MeppTests;
				PRODUCT_NAME = "$(TARGET_NAME)";
				SWIFT_EMIT_LOC_STRINGS = NO;
				SWIFT_VERSION = 5.0;
				TARGETED_DEVICE_FAMILY = "1,2";
				TEST_HOST = "$(BUILT_PRODUCTS_DIR)/Mepp.app/$(BUNDLE_EXECUTABLE_FOLDER_PATH)/Mepp";
			};
			name = Debug;
		};
		A8B31F892E5939BD00A539DC /* Release */ = {
			isa = XCBuildConfiguration;
			buildSettings = {
				BUNDLE_LOADER = "$(TEST_HOST)";
				CODE_SIGN_STYLE = Automatic;
				CURRENT_PROJECT_VERSION = 1;
				GENERATE_INFOPLIST_FILE = YES;
				IPHONEOS_DEPLOYMENT_TARGET = 18.5;
				MARKETING_VERSION = 1.0;
				PRODUCT_BUNDLE_IDENTIFIER = delmor.MeppTests;
				PRODUCT_NAME = "$(TARGET_NAME)";
				SWIFT_EMIT_LOC_STRINGS = NO;
				SWIFT_VERSION = 5.0;
				TARGETED_DEVICE_FAMILY = "1,2";
				TEST_HOST = "$(BUILT_PRODUCTS_DIR)/Mepp.app/$(BUNDLE_EXECUTABLE_FOLDER_PATH)/Mepp";
			};
			name = Release;
		};
		A8B31F8B2E5939BD00A539DC /* Debug */ = {
			isa = XCBuildConfiguration;
			buildSettings = {
				CODE_SIGN_STYLE = Automatic;
				CURRENT_PROJECT_VERSION = 1;
				DEVELOPMENT_TEAM = ZSP4QWCTQQ;
				GENERATE_INFOPLIST_FILE = YES;
				MARKETING_VERSION = 1.0;
				PRODUCT_BUNDLE_IDENTIFIER = delmor.MeppUITests;
				PRODUCT_NAME = "$(TARGET_NAME)";
				SWIFT_EMIT_LOC_STRINGS = NO;
				SWIFT_VERSION = 5.0;
				TARGETED_DEVICE_FAMILY = "1,2";
				TEST_TARGET_NAME = Mepp;
			};
			name = Debug;
		};
		A8B31F8C2E5939BD00A539DC /* Release */ = {
			isa = XCBuildConfiguration;
			buildSettings = {
				CODE_SIGN_STYLE = Automatic;
				CURRENT_PROJECT_VERSION = 1;
				DEVELOPMENT_TEAM = ZSP4QWCTQQ;
				GENERATE_INFOPLIST_FILE = YES;
				MARKETING_VERSION = 1.0;
				PRODUCT_BUNDLE_IDENTIFIER = delmor.MeppUITests;
				PRODUCT_NAME = "$(TARGET_NAME)";
				SWIFT_EMIT_LOC_STRINGS = NO;
				SWIFT_VERSION = 5.0;
				TARGETED_DEVICE_FAMILY = "1,2";
				TEST_TARGET_NAME = Mepp;
			};
			name = Release;
		};
/* End XCBuildConfiguration section */

/* Begin XCConfigurationList section */
		A8B31F5E2E5939BC00A539DC /* Build configuration list for PBXProject "Mepp" */ = {
			isa = XCConfigurationList;
			buildConfigurations = (
				A8B31F822E5939BD00A539DC /* Debug */,
				A8B31F832E5939BD00A539DC /* Release */,
			);
			defaultConfigurationIsVisible = 0;
			defaultConfigurationName = Release;
		};
		A8B31F842E5939BD00A539DC /* Build configuration list for PBXNativeTarget "Mepp" */ = {
			isa = XCConfigurationList;
			buildConfigurations = (
				A8B31F852E5939BD00A539DC /* Debug */,
				A8B31F862E5939BD00A539DC /* Release */,
			);
			defaultConfigurationIsVisible = 0;
			defaultConfigurationName = Release;
		};
		A8B31F872E5939BD00A539DC /* Build configuration list for PBXNativeTarget "MeppTests" */ = {
			isa = XCConfigurationList;
			buildConfigurations = (
				A8B31F882E5939BD00A539DC /* Debug */,
				A8B31F892E5939BD00A539DC /* Release */,
			);
			defaultConfigurationIsVisible = 0;
			defaultConfigurationName = Release;
		};
		A8B31F8A2E5939BD00A539DC /* Build configuration list for PBXNativeTarget "MeppUITests" */ = {
			isa = XCConfigurationList;
			buildConfigurations = (
				A8B31F8B2E5939BD00A539DC /* Debug */,
				A8B31F8C2E5939BD00A539DC /* Release */,
			);
			defaultConfigurationIsVisible = 0;
			defaultConfigurationName = Release;
		};
/* End XCConfigurationList section */

/* Begin XCRemoteSwiftPackageReference section */
		A85D1D232E67CF0A00DCB32F /* XCRemoteSwiftPackageReference "supabase-swift" */ = {
			isa = XCRemoteSwiftPackageReference;
			repositoryURL = "https://github.com/supabase-community/supabase-swift";
			requirement = {
				kind = upToNextMajorVersion;
				minimumVersion = 2.5.1;
			};
		};
/* End XCRemoteSwiftPackageReference section */

/* Begin XCSwiftPackageProductDependency section */
		A85D1D312E67D02700DCB32F /* Auth */ = {
			isa = XCSwiftPackageProductDependency;
			package = A85D1D232E67CF0A00DCB32F /* XCRemoteSwiftPackageReference "supabase-swift" */;
			productName = Auth;
		};
		A85D1D332E67D02700DCB32F /* Functions */ = {
			isa = XCSwiftPackageProductDependency;
			package = A85D1D232E67CF0A00DCB32F /* XCRemoteSwiftPackageReference "supabase-swift" */;
			productName = Functions;
		};
		A85D1D352E67D02700DCB32F /* PostgREST */ = {
			isa = XCSwiftPackageProductDependency;
			package = A85D1D232E67CF0A00DCB32F /* XCRemoteSwiftPackageReference "supabase-swift" */;
			productName = PostgREST;
		};
		A85D1D372E67D02700DCB32F /* Realtime */ = {
			isa = XCSwiftPackageProductDependency;
			package = A85D1D232E67CF0A00DCB32F /* XCRemoteSwiftPackageReference "supabase-swift" */;
			productName = Realtime;
		};
		A85D1D392E67D02700DCB32F /* Storage */ = {
			isa = XCSwiftPackageProductDependency;
			package = A85D1D232E67CF0A00DCB32F /* XCRemoteSwiftPackageReference "supabase-swift" */;
			productName = Storage;
		};
		A85D1D3B2E67D02700DCB32F /* Supabase */ = {
			isa = XCSwiftPackageProductDependency;
			package = A85D1D232E67CF0A00DCB32F /* XCRemoteSwiftPackageReference "supabase-swift" */;
			productName = Supabase;
		};
/* End XCSwiftPackageProductDependency section */
	};
	rootObject = A8B31F5B2E5939BC00A539DC /* Project object */;
}
